// !$*UTF8*$!
{
	archiveVersion = 1;
	classes = {
	};
	objectVersion = 48;
	objects = {

/* Begin PBXBuildFile section */
		275D1FEF1FB9723A00C86D9F /* UITableView+TouchEvent.swift in Sources */ = {isa = PBXBuildFile; fileRef = 275D1FEE1FB9723A00C86D9F /* UITableView+TouchEvent.swift */; };
		275D1FF11FB98F8400C86D9F /* Place.swift in Sources */ = {isa = PBXBuildFile; fileRef = 275D1FF01FB98F8400C86D9F /* Place.swift */; };
		275D1FF41FB993B100C86D9F /* SecretKey.swift in Sources */ = {isa = PBXBuildFile; fileRef = 275D1FF31FB993B100C86D9F /* SecretKey.swift */; };
		27BFFF471FB8022A0031CB0E /* SelectSearchKeyViewController.swift in Sources */ = {isa = PBXBuildFile; fileRef = 27BFFF461FB8022A0031CB0E /* SelectSearchKeyViewController.swift */; };
		27BFFF491FB8023B0031CB0E /* MapViewController.swift in Sources */ = {isa = PBXBuildFile; fileRef = 27BFFF481FB8023B0031CB0E /* MapViewController.swift */; };
		27BFFF4B1FB9002E0031CB0E /* SearchKey.swift in Sources */ = {isa = PBXBuildFile; fileRef = 27BFFF4A1FB9002E0031CB0E /* SearchKey.swift */; };
		27D94E5D1FB7F01800DABC20 /* AppDelegate.swift in Sources */ = {isa = PBXBuildFile; fileRef = 27D94E5C1FB7F01800DABC20 /* AppDelegate.swift */; };
		27D94E5F1FB7F01800DABC20 /* art.scnassets in Resources */ = {isa = PBXBuildFile; fileRef = 27D94E5E1FB7F01800DABC20 /* art.scnassets */; };
		27D94E611FB7F01800DABC20 /* MainViewController.swift in Sources */ = {isa = PBXBuildFile; fileRef = 27D94E601FB7F01800DABC20 /* MainViewController.swift */; };
		27D94E641FB7F01800DABC20 /* Main.storyboard in Resources */ = {isa = PBXBuildFile; fileRef = 27D94E621FB7F01800DABC20 /* Main.storyboard */; };
		27D94E661FB7F01800DABC20 /* Assets.xcassets in Resources */ = {isa = PBXBuildFile; fileRef = 27D94E651FB7F01800DABC20 /* Assets.xcassets */; };
		27D94E691FB7F01800DABC20 /* LaunchScreen.storyboard in Resources */ = {isa = PBXBuildFile; fileRef = 27D94E671FB7F01800DABC20 /* LaunchScreen.storyboard */; };
/* End PBXBuildFile section */

/* Begin PBXFileReference section */
		275D1FEE1FB9723A00C86D9F /* UITableView+TouchEvent.swift */ = {isa = PBXFileReference; lastKnownFileType = sourcecode.swift; path = "UITableView+TouchEvent.swift"; sourceTree = "<group>"; };
		275D1FF01FB98F8400C86D9F /* Place.swift */ = {isa = PBXFileReference; lastKnownFileType = sourcecode.swift; path = Place.swift; sourceTree = "<group>"; };
		275D1FF31FB993B100C86D9F /* SecretKey.swift */ = {isa = PBXFileReference; lastKnownFileType = sourcecode.swift; path = SecretKey.swift; sourceTree = "<group>"; };
		27BFFF461FB8022A0031CB0E /* SelectSearchKeyViewController.swift */ = {isa = PBXFileReference; lastKnownFileType = sourcecode.swift; path = SelectSearchKeyViewController.swift; sourceTree = "<group>"; };
		27BFFF481FB8023B0031CB0E /* MapViewController.swift */ = {isa = PBXFileReference; lastKnownFileType = sourcecode.swift; path = MapViewController.swift; sourceTree = "<group>"; };
		27BFFF4A1FB9002E0031CB0E /* SearchKey.swift */ = {isa = PBXFileReference; lastKnownFileType = sourcecode.swift; path = SearchKey.swift; sourceTree = "<group>"; };
		27D94E591FB7F01800DABC20 /* ARKitConvenienceStoreSearch.app */ = {isa = PBXFileReference; explicitFileType = wrapper.application; includeInIndex = 0; path = ARKitConvenienceStoreSearch.app; sourceTree = BUILT_PRODUCTS_DIR; };
		27D94E5C1FB7F01800DABC20 /* AppDelegate.swift */ = {isa = PBXFileReference; lastKnownFileType = sourcecode.swift; path = AppDelegate.swift; sourceTree = "<group>"; };
		27D94E5E1FB7F01800DABC20 /* art.scnassets */ = {isa = PBXFileReference; lastKnownFileType = wrapper.scnassets; path = art.scnassets; sourceTree = "<group>"; };
		27D94E601FB7F01800DABC20 /* MainViewController.swift */ = {isa = PBXFileReference; lastKnownFileType = sourcecode.swift; path = MainViewController.swift; sourceTree = "<group>"; };
		27D94E631FB7F01800DABC20 /* Base */ = {isa = PBXFileReference; lastKnownFileType = file.storyboard; name = Base; path = Base.lproj/Main.storyboard; sourceTree = "<group>"; };
		27D94E651FB7F01800DABC20 /* Assets.xcassets */ = {isa = PBXFileReference; lastKnownFileType = folder.assetcatalog; path = Assets.xcassets; sourceTree = "<group>"; };
		27D94E681FB7F01800DABC20 /* Base */ = {isa = PBXFileReference; lastKnownFileType = file.storyboard; name = Base; path = Base.lproj/LaunchScreen.storyboard; sourceTree = "<group>"; };
		27D94E6A1FB7F01800DABC20 /* Info.plist */ = {isa = PBXFileReference; lastKnownFileType = text.plist.xml; path = Info.plist; sourceTree = "<group>"; };
/* End PBXFileReference section */

/* Begin PBXFrameworksBuildPhase section */
		27D94E561FB7F01800DABC20 /* Frameworks */ = {
			isa = PBXFrameworksBuildPhase;
			buildActionMask = 2147483647;
			files = (
			);
			runOnlyForDeploymentPostprocessing = 0;
		};
/* End PBXFrameworksBuildPhase section */

/* Begin PBXGroup section */
		275D1FF21FB9906F00C86D9F /* Model */ = {
			isa = PBXGroup;
			children = (
				27BFFF4A1FB9002E0031CB0E /* SearchKey.swift */,
				275D1FF01FB98F8400C86D9F /* Place.swift */,
				275D1FF31FB993B100C86D9F /* SecretKey.swift */,
			);
			path = Model;
			sourceTree = "<group>";
		};
		27D94E501FB7F01800DABC20 = {
			isa = PBXGroup;
			children = (
				27D94E5B1FB7F01800DABC20 /* ARKitConvenienceStoreSearch */,
				27D94E5A1FB7F01800DABC20 /* Products */,
			);
			sourceTree = "<group>";
		};
		27D94E5A1FB7F01800DABC20 /* Products */ = {
			isa = PBXGroup;
			children = (
				27D94E591FB7F01800DABC20 /* ARKitConvenienceStoreSearch.app */,
			);
			name = Products;
			sourceTree = "<group>";
		};
		27D94E5B1FB7F01800DABC20 /* ARKitConvenienceStoreSearch */ = {
			isa = PBXGroup;
			children = (
				275D1FF21FB9906F00C86D9F /* Model */,
				27D94E5C1FB7F01800DABC20 /* AppDelegate.swift */,
				27D94E601FB7F01800DABC20 /* MainViewController.swift */,
				27BFFF461FB8022A0031CB0E /* SelectSearchKeyViewController.swift */,
				27BFFF481FB8023B0031CB0E /* MapViewController.swift */,
				275D1FEE1FB9723A00C86D9F /* UITableView+TouchEvent.swift */,
				27D94E6A1FB7F01800DABC20 /* Info.plist */,
				27D94E621FB7F01800DABC20 /* Main.storyboard */,
				27D94E671FB7F01800DABC20 /* LaunchScreen.storyboard */,
				27D94E5E1FB7F01800DABC20 /* art.scnassets */,
				27D94E651FB7F01800DABC20 /* Assets.xcassets */,
			);
			path = ARKitConvenienceStoreSearch;
			sourceTree = "<group>";
		};
/* End PBXGroup section */

/* Begin PBXNativeTarget section */
		27D94E581FB7F01800DABC20 /* ARKitConvenienceStoreSearch */ = {
			isa = PBXNativeTarget;
			buildConfigurationList = 27D94E6D1FB7F01800DABC20 /* Build configuration list for PBXNativeTarget "ARKitConvenienceStoreSearch" */;
			buildPhases = (
				27D94E551FB7F01800DABC20 /* Sources */,
				27D94E561FB7F01800DABC20 /* Frameworks */,
				27D94E571FB7F01800DABC20 /* Resources */,
			);
			buildRules = (
			);
			dependencies = (
			);
			name = ARKitConvenienceStoreSearch;
			productName = ARKitConvenienceStoreSearch;
			productReference = 27D94E591FB7F01800DABC20 /* ARKitConvenienceStoreSearch.app */;
			productType = "com.apple.product-type.application";
		};
/* End PBXNativeTarget section */

/* Begin PBXProject section */
		27D94E511FB7F01800DABC20 /* Project object */ = {
			isa = PBXProject;
			attributes = {
				LastSwiftUpdateCheck = 0900;
				LastUpgradeCheck = 0900;
				ORGANIZATIONNAME = SAPPOROWORKS;
				TargetAttributes = {
					27D94E581FB7F01800DABC20 = {
						CreatedOnToolsVersion = 9.0;
						ProvisioningStyle = Automatic;
					};
				};
			};
			buildConfigurationList = 27D94E541FB7F01800DABC20 /* Build configuration list for PBXProject "ARKitConvenienceStoreSearch" */;
			compatibilityVersion = "Xcode 8.0";
			developmentRegion = en;
			hasScannedForEncodings = 0;
			knownRegions = (
				en,
				Base,
			);
			mainGroup = 27D94E501FB7F01800DABC20;
			productRefGroup = 27D94E5A1FB7F01800DABC20 /* Products */;
			projectDirPath = "";
			projectRoot = "";
			targets = (
				27D94E581FB7F01800DABC20 /* ARKitConvenienceStoreSearch */,
			);
		};
/* End PBXProject section */

/* Begin PBXResourcesBuildPhase section */
		27D94E571FB7F01800DABC20 /* Resources */ = {
			isa = PBXResourcesBuildPhase;
			buildActionMask = 2147483647;
			files = (
				27D94E5F1FB7F01800DABC20 /* art.scnassets in Resources */,
				27D94E691FB7F01800DABC20 /* LaunchScreen.storyboard in Resources */,
				27D94E661FB7F01800DABC20 /* Assets.xcassets in Resources */,
				27D94E641FB7F01800DABC20 /* Main.storyboard in Resources */,
			);
			runOnlyForDeploymentPostprocessing = 0;
		};
/* End PBXResourcesBuildPhase section */

/* Begin PBXSourcesBuildPhase section */
		27D94E551FB7F01800DABC20 /* Sources */ = {
			isa = PBXSourcesBuildPhase;
			buildActionMask = 2147483647;
			files = (
				27BFFF471FB8022A0031CB0E /* SelectSearchKeyViewController.swift in Sources */,
				275D1FF41FB993B100C86D9F /* SecretKey.swift in Sources */,
				27D94E611FB7F01800DABC20 /* MainViewController.swift in Sources */,
				27D94E5D1FB7F01800DABC20 /* AppDelegate.swift in Sources */,
				27BFFF491FB8023B0031CB0E /* MapViewController.swift in Sources */,
				275D1FEF1FB9723A00C86D9F /* UITableView+TouchEvent.swift in Sources */,
				275D1FF11FB98F8400C86D9F /* Place.swift in Sources */,
				27BFFF4B1FB9002E0031CB0E /* SearchKey.swift in Sources */,
			);
			runOnlyForDeploymentPostprocessing = 0;
		};
/* End PBXSourcesBuildPhase section */

/* Begin PBXVariantGroup section */
		27D94E621FB7F01800DABC20 /* Main.storyboard */ = {
			isa = PBXVariantGroup;
			children = (
				27D94E631FB7F01800DABC20 /* Base */,
			);
			name = Main.storyboard;
			sourceTree = "<group>";
		};
		27D94E671FB7F01800DABC20 /* LaunchScreen.storyboard */ = {
			isa = PBXVariantGroup;
			children = (
				27D94E681FB7F01800DABC20 /* Base */,
			);
			name = LaunchScreen.storyboard;
			sourceTree = "<group>";
		};
/* End PBXVariantGroup section */

/* Begin XCBuildConfiguration section */
		27D94E6B1FB7F01800DABC20 /* Debug */ = {
			isa = XCBuildConfiguration;
			buildSettings = {
				ALWAYS_SEARCH_USER_PATHS = NO;
				CLANG_ANALYZER_NONNULL = YES;
				CLANG_ANALYZER_NUMBER_OBJECT_CONVERSION = YES_AGGRESSIVE;
				CLANG_CXX_LANGUAGE_STANDARD = "gnu++14";
				CLANG_CXX_LIBRARY = "libc++";
				CLANG_ENABLE_MODULES = YES;
				CLANG_ENABLE_OBJC_ARC = YES;
				CLANG_WARN_BLOCK_CAPTURE_AUTORELEASING = YES;
				CLANG_WARN_BOOL_CONVERSION = YES;
				CLANG_WARN_COMMA = YES;
				CLANG_WARN_CONSTANT_CONVERSION = YES;
				CLANG_WARN_DIRECT_OBJC_ISA_USAGE = YES_ERROR;
				CLANG_WARN_DOCUMENTATION_COMMENTS = YES;
				CLANG_WARN_EMPTY_BODY = YES;
				CLANG_WARN_ENUM_CONVERSION = YES;
				CLANG_WARN_INFINITE_RECURSION = YES;
				CLANG_WARN_INT_CONVERSION = YES;
				CLANG_WARN_NON_LITERAL_NULL_CONVERSION = YES;
				CLANG_WARN_OBJC_LITERAL_CONVERSION = YES;
				CLANG_WARN_OBJC_ROOT_CLASS = YES_ERROR;
				CLANG_WARN_RANGE_LOOP_ANALYSIS = YES;
				CLANG_WARN_STRICT_PROTOTYPES = YES;
				CLANG_WARN_SUSPICIOUS_MOVE = YES;
				CLANG_WARN_UNGUARDED_AVAILABILITY = YES_AGGRESSIVE;
				CLANG_WARN_UNREACHABLE_CODE = YES;
				CLANG_WARN__DUPLICATE_METHOD_MATCH = YES;
				CODE_SIGN_IDENTITY = "iPhone Developer";
				COPY_PHASE_STRIP = NO;
				DEBUG_INFORMATION_FORMAT = dwarf;
				ENABLE_STRICT_OBJC_MSGSEND = YES;
				ENABLE_TESTABILITY = YES;
				GCC_C_LANGUAGE_STANDARD = gnu11;
				GCC_DYNAMIC_NO_PIC = NO;
				GCC_NO_COMMON_BLOCKS = YES;
				GCC_OPTIMIZATION_LEVEL = 0;
				GCC_PREPROCESSOR_DEFINITIONS = (
					"DEBUG=1",
					"$(inherited)",
				);
				GCC_WARN_64_TO_32_BIT_CONVERSION = YES;
				GCC_WARN_ABOUT_RETURN_TYPE = YES_ERROR;
				GCC_WARN_UNDECLARED_SELECTOR = YES;
				GCC_WARN_UNINITIALIZED_AUTOS = YES_AGGRESSIVE;
				GCC_WARN_UNUSED_FUNCTION = YES;
				GCC_WARN_UNUSED_VARIABLE = YES;
				IPHONEOS_DEPLOYMENT_TARGET = 11.0;
				MTL_ENABLE_DEBUG_INFO = YES;
				ONLY_ACTIVE_ARCH = YES;
				SDKROOT = iphoneos;
				SWIFT_ACTIVE_COMPILATION_CONDITIONS = DEBUG;
				SWIFT_OPTIMIZATION_LEVEL = "-Onone";
			};
			name = Debug;
		};
		27D94E6C1FB7F01800DABC20 /* Release */ = {
			isa = XCBuildConfiguration;
			buildSettings = {
				ALWAYS_SEARCH_USER_PATHS = NO;
				CLANG_ANALYZER_NONNULL = YES;
				CLANG_ANALYZER_NUMBER_OBJECT_CONVERSION = YES_AGGRESSIVE;
				CLANG_CXX_LANGUAGE_STANDARD = "gnu++14";
				CLANG_CXX_LIBRARY = "libc++";
				CLANG_ENABLE_MODULES = YES;
				CLANG_ENABLE_OBJC_ARC = YES;
				CLANG_WARN_BLOCK_CAPTURE_AUTORELEASING = YES;
				CLANG_WARN_BOOL_CONVERSION = YES;
				CLANG_WARN_COMMA = YES;
				CLANG_WARN_CONSTANT_CONVERSION = YES;
				CLANG_WARN_DIRECT_OBJC_ISA_USAGE = YES_ERROR;
				CLANG_WARN_DOCUMENTATION_COMMENTS = YES;
				CLANG_WARN_EMPTY_BODY = YES;
				CLANG_WARN_ENUM_CONVERSION = YES;
				CLANG_WARN_INFINITE_RECURSION = YES;
				CLANG_WARN_INT_CONVERSION = YES;
				CLANG_WARN_NON_LITERAL_NULL_CONVERSION = YES;
				CLANG_WARN_OBJC_LITERAL_CONVERSION = YES;
				CLANG_WARN_OBJC_ROOT_CLASS = YES_ERROR;
				CLANG_WARN_RANGE_LOOP_ANALYSIS = YES;
				CLANG_WARN_STRICT_PROTOTYPES = YES;
				CLANG_WARN_SUSPICIOUS_MOVE = YES;
				CLANG_WARN_UNGUARDED_AVAILABILITY = YES_AGGRESSIVE;
				CLANG_WARN_UNREACHABLE_CODE = YES;
				CLANG_WARN__DUPLICATE_METHOD_MATCH = YES;
				CODE_SIGN_IDENTITY = "iPhone Developer";
				COPY_PHASE_STRIP = NO;
				DEBUG_INFORMATION_FORMAT = "dwarf-with-dsym";
				ENABLE_NS_ASSERTIONS = NO;
				ENABLE_STRICT_OBJC_MSGSEND = YES;
				GCC_C_LANGUAGE_STANDARD = gnu11;
				GCC_NO_COMMON_BLOCKS = YES;
				GCC_WARN_64_TO_32_BIT_CONVERSION = YES;
				GCC_WARN_ABOUT_RETURN_TYPE = YES_ERROR;
				GCC_WARN_UNDECLARED_SELECTOR = YES;
				GCC_WARN_UNINITIALIZED_AUTOS = YES_AGGRESSIVE;
				GCC_WARN_UNUSED_FUNCTION = YES;
				GCC_WARN_UNUSED_VARIABLE = YES;
				IPHONEOS_DEPLOYMENT_TARGET = 11.0;
				MTL_ENABLE_DEBUG_INFO = NO;
				SDKROOT = iphoneos;
				SWIFT_OPTIMIZATION_LEVEL = "-Owholemodule";
				VALIDATE_PRODUCT = YES;
			};
			name = Release;
		};
		27D94E6E1FB7F01800DABC20 /* Debug */ = {
			isa = XCBuildConfiguration;
			buildSettings = {
				ASSETCATALOG_COMPILER_APPICON_NAME = AppIcon;
				CODE_SIGN_STYLE = Automatic;
				DEVELOPMENT_TEAM = 359LVN2JBK;
				INFOPLIST_FILE = ARKitConvenienceStoreSearch/Info.plist;
				LD_RUNPATH_SEARCH_PATHS = "$(inherited) @executable_path/Frameworks";
				PRODUCT_BUNDLE_IDENTIFIER = jp.ne.sapporoworks.ARKitConvenienceStoreSearch;
				PRODUCT_NAME = "$(TARGET_NAME)";
				SWIFT_VERSION = 4.0;
				TARGETED_DEVICE_FAMILY = "1,2";
			};
			name = Debug;
		};
		27D94E6F1FB7F01800DABC20 /* Release */ = {
			isa = XCBuildConfiguration;
			buildSettings = {
				ASSETCATALOG_COMPILER_APPICON_NAME = AppIcon;
				CODE_SIGN_STYLE = Automatic;
				DEVELOPMENT_TEAM = 359LVN2JBK;
				INFOPLIST_FILE = ARKitConvenienceStoreSearch/Info.plist;
				LD_RUNPATH_SEARCH_PATHS = "$(inherited) @executable_path/Frameworks";
				PRODUCT_BUNDLE_IDENTIFIER = jp.ne.sapporoworks.ARKitConvenienceStoreSearch;
				PRODUCT_NAME = "$(TARGET_NAME)";
				SWIFT_VERSION = 4.0;
				TARGETED_DEVICE_FAMILY = "1,2";
			};
			name = Release;
		};
/* End XCBuildConfiguration section */

/* Begin XCConfigurationList section */
		27D94E541FB7F01800DABC20 /* Build configuration list for PBXProject "ARKitConvenienceStoreSearch" */ = {
			isa = XCConfigurationList;
			buildConfigurations = (
				27D94E6B1FB7F01800DABC20 /* Debug */,
				27D94E6C1FB7F01800DABC20 /* Release */,
			);
			defaultConfigurationIsVisible = 0;
			defaultConfigurationName = Release;
		};
		27D94E6D1FB7F01800DABC20 /* Build configuration list for PBXNativeTarget "ARKitConvenienceStoreSearch" */ = {
			isa = XCConfigurationList;
			buildConfigurations = (
				27D94E6E1FB7F01800DABC20 /* Debug */,
				27D94E6F1FB7F01800DABC20 /* Release */,
			);
			defaultConfigurationIsVisible = 0;
			defaultConfigurationName = Release;
		};
/* End XCConfigurationList section */
	};
	rootObject = 27D94E511FB7F01800DABC20 /* Project object */;
}
